
Microsoft Visual Studio Solution File, Format Version 12.00
# Visual Studio 14
VisualStudioVersion = 14.0.24720.0
MinimumVisualStudioVersion = 10.0.40219.1
Project("{FAE04EC0-301F-11D3-BF4B-00C04F79EFBC}") = "EasyNetQTestClient", "EasyNetQTestClient\EasyNetQTestClient.csproj", "{DA819139-2E0D-48F3-8F16-668365EC9510}"
EndProject
Project("{FAE04EC0-301F-11D3-BF4B-00C04F79EFBC}") = "EasyNetQTestCommon", "..\EasyNetQTestCommon\EasyNetQTestCommon.csproj", "{4B17DB2B-35BE-49A6-A9F0-A8053C46310E}"
EndProject
Global
	GlobalSection(SolutionConfigurationPlatforms) = preSolution
		Debug|Any CPU = Debug|Any CPU
		Release|Any CPU = Release|Any CPU
	EndGlobalSection
	GlobalSection(ProjectConfigurationPlatforms) = postSolution
		{DA819139-2E0D-48F3-8F16-668365EC9510}.Debug|Any CPU.ActiveCfg = Debug|Any CPU
		{DA819139-2E0D-48F3-8F16-668365EC9510}.Debug|Any CPU.Build.0 = Debug|Any CPU
		{DA819139-2E0D-48F3-8F16-668365EC9510}.Release|Any CPU.ActiveCfg = Release|Any CPU
		{DA819139-2E0D-48F3-8F16-668365EC9510}.Release|Any CPU.Build.0 = Release|Any CPU
		{4B17DB2B-35BE-49A6-A9F0-A8053C46310E}.Debug|Any CPU.ActiveCfg = Debug|Any CPU
		{4B17DB2B-35BE-49A6-A9F0-A8053C46310E}.Debug|Any CPU.Build.0 = Debug|Any CPU
		{4B17DB2B-35BE-49A6-A9F0-A8053C46310E}.Release|Any CPU.ActiveCfg = Release|Any CPU
		{4B17DB2B-35BE-49A6-A9F0-A8053C46310E}.Release|Any CPU.Build.0 = Release|Any CPU
	EndGlobalSection
	GlobalSection(SolutionProperties) = preSolution
		HideSolutionNode = FALSE
	EndGlobalSection
EndGlobal
